
Microsoft Visual Studio Solution File, Format Version 12.00
# Visual Studio Version 17
VisualStudioVersion = 17.7.34202.233
MinimumVisualStudioVersion = 10.0.40219.1
Project("{FAE04EC0-301F-11D3-BF4B-00C04F79EFBC}") = "MajSimaiDecode", "MajSimaiDecode\MajSimaiDecode.csproj", "{2A9BFD69-9A22-4AF0-8925-11F982CD1BEA}"
EndProject
Project("{FAE04EC0-301F-11D3-BF4B-00C04F79EFBC}") = "TestProject1", "TestProject1\TestProject1.csproj", "{471BB3A9-D67D-42C8-ABB7-EA0E185C6CC1}"
EndProject
Global
	GlobalSection(SolutionConfigurationPlatforms) = preSolution
		Debug|Any CPU = Debug|Any CPU
		Release|Any CPU = Release|Any CPU
	EndGlobalSection
	GlobalSection(ProjectConfigurationPlatforms) = postSolution
		{2A9BFD69-9A22-4AF0-8925-11F982CD1BEA}.Debug|Any CPU.ActiveCfg = Debug|Any CPU
		{2A9BFD69-9A22-4AF0-8925-11F982CD1BEA}.Debug|Any CPU.Build.0 = Debug|Any CPU
		{2A9BFD69-9A22-4AF0-8925-11F982CD1BEA}.Release|Any CPU.ActiveCfg = Release|Any CPU
		{2A9BFD69-9A22-4AF0-8925-11F982CD1BEA}.Release|Any CPU.Build.0 = Release|Any CPU
		{471BB3A9-D67D-42C8-ABB7-EA0E185C6CC1}.Debug|Any CPU.ActiveCfg = Debug|Any CPU
		{471BB3A9-D67D-42C8-ABB7-EA0E185C6CC1}.Debug|Any CPU.Build.0 = Debug|Any CPU
		{471BB3A9-D67D-42C8-ABB7-EA0E185C6CC1}.Release|Any CPU.ActiveCfg = Release|Any CPU
		{471BB3A9-D67D-42C8-ABB7-EA0E185C6CC1}.Release|Any CPU.Build.0 = Release|Any CPU
	EndGlobalSection
	GlobalSection(SolutionProperties) = preSolution
		HideSolutionNode = FALSE
	EndGlobalSection
	GlobalSection(ExtensibilityGlobals) = postSolution
		SolutionGuid = {9F868B0A-E3EE-4BD7-B8EA-C0E823095EC5}
	EndGlobalSection
EndGlobal
